// !$*UTF8*$!
{
	archiveVersion = 1;
	classes = {
	};
	objectVersion = 77;
	objects = {

/* Begin PBXBuildFile section */
		17A8896D2D63789A003814D9 /* SkeletonUI in Frameworks */ = {isa = PBXBuildFile; productRef = 17A8896C2D63789A003814D9 /* SkeletonUI */; };
		17A889852D63A291003814D9 /* OpenAI in Frameworks */ = {isa = PBXBuildFile; productRef = 17A889842D63A291003814D9 /* OpenAI */; };
		17DF15722D60596900043AFC /* GoogleGeminiAI in Frameworks */ = {isa = PBXBuildFile; productRef = 17DF15712D60596900043AFC /* GoogleGeminiAI */; };
		17DF15752D6059CD00043AFC /* LangChain in Frameworks */ = {isa = PBXBuildFile; productRef = 17DF15742D6059CD00043AFC /* LangChain */; };
		17DF15782D605A8400043AFC /* Fuzi in Frameworks */ = {isa = PBXBuildFile; productRef = 17DF15772D605A8400043AFC /* Fuzi */; };
		17DF158E2D605B1C00043AFC /* ActivityIndicatorView in Frameworks */ = {isa = PBXBuildFile; productRef = 17DF158D2D605B1C00043AFC /* ActivityIndicatorView */; };
		17DF15912D605C7400043AFC /* ChatField in Frameworks */ = {isa = PBXBuildFile; productRef = 17DF15902D605C7400043AFC /* ChatField */; };
/* End PBXBuildFile section */

/* Begin PBXFileReference section */
		17DF155F2D6058B600043AFC /* Duo Idea Test.app */ = {isa = PBXFileReference; explicitFileType = wrapper.application; includeInIndex = 0; path = "Duo Idea Test.app"; sourceTree = BUILT_PRODUCTS_DIR; };
/* End PBXFileReference section */

/* Begin PBXFileSystemSynchronizedRootGroup section */
		17DF15612D6058B600043AFC /* Duo Idea Test */ = {
			isa = PBXFileSystemSynchronizedRootGroup;
			path = "Duo Idea Test";
			sourceTree = "<group>";
		};
/* End PBXFileSystemSynchronizedRootGroup section */

/* Begin PBXFrameworksBuildPhase section */
		17DF155C2D6058B600043AFC /* Frameworks */ = {
			isa = PBXFrameworksBuildPhase;
			buildActionMask = 2147483647;
			files = (
				17DF15912D605C7400043AFC /* ChatField in Frameworks */,
				17A8896D2D63789A003814D9 /* SkeletonUI in Frameworks */,
				17DF15782D605A8400043AFC /* Fuzi in Frameworks */,
				17DF15752D6059CD00043AFC /* LangChain in Frameworks */,
				17A889852D63A291003814D9 /* OpenAI in Frameworks */,
				17DF158E2D605B1C00043AFC /* ActivityIndicatorView in Frameworks */,
				17DF15722D60596900043AFC /* GoogleGeminiAI in Frameworks */,
			);
			runOnlyForDeploymentPostprocessing = 0;
		};
/* End PBXFrameworksBuildPhase section */

/* Begin PBXGroup section */
		17DF15562D6058B600043AFC = {
			isa = PBXGroup;
			children = (
				17DF15612D6058B600043AFC /* Duo Idea Test */,
				17DF15602D6058B600043AFC /* Products */,
			);
			sourceTree = "<group>";
		};
		17DF15602D6058B600043AFC /* Products */ = {
			isa = PBXGroup;
			children = (
				17DF155F2D6058B600043AFC /* Duo Idea Test.app */,
			);
			name = Products;
			sourceTree = "<group>";
		};
/* End PBXGroup section */

/* Begin PBXNativeTarget section */
		17DF155E2D6058B600043AFC /* Duo Idea Test */ = {
			isa = PBXNativeTarget;
			buildConfigurationList = 17DF156D2D6058B700043AFC /* Build configuration list for PBXNativeTarget "Duo Idea Test" */;
			buildPhases = (
				17DF155B2D6058B600043AFC /* Sources */,
				17DF155C2D6058B600043AFC /* Frameworks */,
				17DF155D2D6058B600043AFC /* Resources */,
			);
			buildRules = (
			);
			dependencies = (
			);
			fileSystemSynchronizedGroups = (
				17DF15612D6058B600043AFC /* Duo Idea Test */,
			);
			name = "Duo Idea Test";
			packageProductDependencies = (
				17DF15712D60596900043AFC /* GoogleGeminiAI */,
				17DF15742D6059CD00043AFC /* LangChain */,
				17DF15772D605A8400043AFC /* Fuzi */,
				17DF158D2D605B1C00043AFC /* ActivityIndicatorView */,
				17DF15902D605C7400043AFC /* ChatField */,
				17A8896C2D63789A003814D9 /* SkeletonUI */,
				17A889842D63A291003814D9 /* OpenAI */,
			);
			productName = "Duo Idea Test";
			productReference = 17DF155F2D6058B600043AFC /* Duo Idea Test.app */;
			productType = "com.apple.product-type.application";
		};
/* End PBXNativeTarget section */

/* Begin PBXProject section */
		17DF15572D6058B600043AFC /* Project object */ = {
			isa = PBXProject;
			attributes = {
				BuildIndependentTargetsInParallel = 1;
				LastSwiftUpdateCheck = 1620;
				LastUpgradeCheck = 1620;
				TargetAttributes = {
					17DF155E2D6058B600043AFC = {
						CreatedOnToolsVersion = 16.2;
					};
				};
			};
			buildConfigurationList = 17DF155A2D6058B600043AFC /* Build configuration list for PBXProject "Duo Idea Test" */;
			developmentRegion = en;
			hasScannedForEncodings = 0;
			knownRegions = (
				en,
				Base,
			);
			mainGroup = 17DF15562D6058B600043AFC;
			minimizedProjectReferenceProxies = 1;
			packageReferences = (
				17DF15702D60596900043AFC /* XCRemoteSwiftPackageReference "gemini-ai-swift" */,
				17DF15732D6059CD00043AFC /* XCRemoteSwiftPackageReference "langchain-swift-custom" */,
				17DF15762D605A8400043AFC /* XCRemoteSwiftPackageReference "Fuzi" */,
				17DF158C2D605B1C00043AFC /* XCRemoteSwiftPackageReference "ActivityIndicatorView" */,
				17DF158F2D605C7400043AFC /* XCRemoteSwiftPackageReference "ChatField" */,
				17A8896B2D63789A003814D9 /* XCRemoteSwiftPackageReference "SkeletonUI" */,
				17A889832D63A291003814D9 /* XCRemoteSwiftPackageReference "OpenAI" */,
			);
			preferredProjectObjectVersion = 77;
			productRefGroup = 17DF15602D6058B600043AFC /* Products */;
			projectDirPath = "";
			projectRoot = "";
			targets = (
				17DF155E2D6058B600043AFC /* Duo Idea Test */,
			);
		};
/* End PBXProject section */

/* Begin PBXResourcesBuildPhase section */
		17DF155D2D6058B600043AFC /* Resources */ = {
			isa = PBXResourcesBuildPhase;
			buildActionMask = 2147483647;
			files = (
			);
			runOnlyForDeploymentPostprocessing = 0;
		};
/* End PBXResourcesBuildPhase section */

/* Begin PBXSourcesBuildPhase section */
		17DF155B2D6058B600043AFC /* Sources */ = {
			isa = PBXSourcesBuildPhase;
			buildActionMask = 2147483647;
			files = (
			);
			runOnlyForDeploymentPostprocessing = 0;
		};
/* End PBXSourcesBuildPhase section */

/* Begin XCBuildConfiguration section */
		17DF156B2D6058B700043AFC /* Debug */ = {
			isa = XCBuildConfiguration;
			buildSettings = {
				ALWAYS_SEARCH_USER_PATHS = NO;
				ASSETCATALOG_COMPILER_GENERATE_SWIFT_ASSET_SYMBOL_EXTENSIONS = YES;
				CLANG_ANALYZER_NONNULL = YES;
				CLANG_ANALYZER_NUMBER_OBJECT_CONVERSION = YES_AGGRESSIVE;
				CLANG_CXX_LANGUAGE_STANDARD = "gnu++20";
				CLANG_ENABLE_MODULES = YES;
				CLANG_ENABLE_OBJC_ARC = YES;
				CLANG_ENABLE_OBJC_WEAK = YES;
				CLANG_WARN_BLOCK_CAPTURE_AUTORELEASING = YES;
				CLANG_WARN_BOOL_CONVERSION = YES;
				CLANG_WARN_COMMA = YES;
				CLANG_WARN_CONSTANT_CONVERSION = YES;
				CLANG_WARN_DEPRECATED_OBJC_IMPLEMENTATIONS = YES;
				CLANG_WARN_DIRECT_OBJC_ISA_USAGE = YES_ERROR;
				CLANG_WARN_DOCUMENTATION_COMMENTS = YES;
				CLANG_WARN_EMPTY_BODY = YES;
				CLANG_WARN_ENUM_CONVERSION = YES;
				CLANG_WARN_INFINITE_RECURSION = YES;
				CLANG_WARN_INT_CONVERSION = YES;
				CLANG_WARN_NON_LITERAL_NULL_CONVERSION = YES;
				CLANG_WARN_OBJC_IMPLICIT_RETAIN_SELF = YES;
				CLANG_WARN_OBJC_LITERAL_CONVERSION = YES;
				CLANG_WARN_OBJC_ROOT_CLASS = YES_ERROR;
				CLANG_WARN_QUOTED_INCLUDE_IN_FRAMEWORK_HEADER = YES;
				CLANG_WARN_RANGE_LOOP_ANALYSIS = YES;
				CLANG_WARN_STRICT_PROTOTYPES = YES;
				CLANG_WARN_SUSPICIOUS_MOVE = YES;
				CLANG_WARN_UNGUARDED_AVAILABILITY = YES_AGGRESSIVE;
				CLANG_WARN_UNREACHABLE_CODE = YES;
				CLANG_WARN__DUPLICATE_METHOD_MATCH = YES;
				COPY_PHASE_STRIP = NO;
				DEBUG_INFORMATION_FORMAT = dwarf;
				ENABLE_STRICT_OBJC_MSGSEND = YES;
				ENABLE_TESTABILITY = YES;
				ENABLE_USER_SCRIPT_SANDBOXING = YES;
				GCC_C_LANGUAGE_STANDARD = gnu17;
				GCC_DYNAMIC_NO_PIC = NO;
				GCC_NO_COMMON_BLOCKS = YES;
				GCC_OPTIMIZATION_LEVEL = 0;
				GCC_PREPROCESSOR_DEFINITIONS = (
					"DEBUG=1",
					"$(inherited)",
				);
				GCC_WARN_64_TO_32_BIT_CONVERSION = YES;
				GCC_WARN_ABOUT_RETURN_TYPE = YES_ERROR;
				GCC_WARN_UNDECLARED_SELECTOR = YES;
				GCC_WARN_UNINITIALIZED_AUTOS = YES_AGGRESSIVE;
				GCC_WARN_UNUSED_FUNCTION = YES;
				GCC_WARN_UNUSED_VARIABLE = YES;
				IPHONEOS_DEPLOYMENT_TARGET = 18.2;
				LOCALIZATION_PREFERS_STRING_CATALOGS = YES;
				MTL_ENABLE_DEBUG_INFO = INCLUDE_SOURCE;
				MTL_FAST_MATH = YES;
				ONLY_ACTIVE_ARCH = YES;
				SDKROOT = iphoneos;
				SWIFT_ACTIVE_COMPILATION_CONDITIONS = "DEBUG $(inherited)";
				SWIFT_OPTIMIZATION_LEVEL = "-Onone";
			};
			name = Debug;
		};
		17DF156C2D6058B700043AFC /* Release */ = {
			isa = XCBuildConfiguration;
			buildSettings = {
				ALWAYS_SEARCH_USER_PATHS = NO;
				ASSETCATALOG_COMPILER_GENERATE_SWIFT_ASSET_SYMBOL_EXTENSIONS = YES;
				CLANG_ANALYZER_NONNULL = YES;
				CLANG_ANALYZER_NUMBER_OBJECT_CONVERSION = YES_AGGRESSIVE;
				CLANG_CXX_LANGUAGE_STANDARD = "gnu++20";
				CLANG_ENABLE_MODULES = YES;
				CLANG_ENABLE_OBJC_ARC = YES;
				CLANG_ENABLE_OBJC_WEAK = YES;
				CLANG_WARN_BLOCK_CAPTURE_AUTORELEASING = YES;
				CLANG_WARN_BOOL_CONVERSION = YES;
				CLANG_WARN_COMMA = YES;
				CLANG_WARN_CONSTANT_CONVERSION = YES;
				CLANG_WARN_DEPRECATED_OBJC_IMPLEMENTATIONS = YES;
				CLANG_WARN_DIRECT_OBJC_ISA_USAGE = YES_ERROR;
				CLANG_WARN_DOCUMENTATION_COMMENTS = YES;
				CLANG_WARN_EMPTY_BODY = YES;
				CLANG_WARN_ENUM_CONVERSION = YES;
				CLANG_WARN_INFINITE_RECURSION = YES;
				CLANG_WARN_INT_CONVERSION = YES;
				CLANG_WARN_NON_LITERAL_NULL_CONVERSION = YES;
				CLANG_WARN_OBJC_IMPLICIT_RETAIN_SELF = YES;
				CLANG_WARN_OBJC_LITERAL_CONVERSION = YES;
				CLANG_WARN_OBJC_ROOT_CLASS = YES_ERROR;
				CLANG_WARN_QUOTED_INCLUDE_IN_FRAMEWORK_HEADER = YES;
				CLANG_WARN_RANGE_LOOP_ANALYSIS = YES;
				CLANG_WARN_STRICT_PROTOTYPES = YES;
				CLANG_WARN_SUSPICIOUS_MOVE = YES;
				CLANG_WARN_UNGUARDED_AVAILABILITY = YES_AGGRESSIVE;
				CLANG_WARN_UNREACHABLE_CODE = YES;
				CLANG_WARN__DUPLICATE_METHOD_MATCH = YES;
				COPY_PHASE_STRIP = NO;
				DEBUG_INFORMATION_FORMAT = "dwarf-with-dsym";
				ENABLE_NS_ASSERTIONS = NO;
				ENABLE_STRICT_OBJC_MSGSEND = YES;
				ENABLE_USER_SCRIPT_SANDBOXING = YES;
				GCC_C_LANGUAGE_STANDARD = gnu17;
				GCC_NO_COMMON_BLOCKS = YES;
				GCC_WARN_64_TO_32_BIT_CONVERSION = YES;
				GCC_WARN_ABOUT_RETURN_TYPE = YES_ERROR;
				GCC_WARN_UNDECLARED_SELECTOR = YES;
				GCC_WARN_UNINITIALIZED_AUTOS = YES_AGGRESSIVE;
				GCC_WARN_UNUSED_FUNCTION = YES;
				GCC_WARN_UNUSED_VARIABLE = YES;
				IPHONEOS_DEPLOYMENT_TARGET = 18.2;
				LOCALIZATION_PREFERS_STRING_CATALOGS = YES;
				MTL_ENABLE_DEBUG_INFO = NO;
				MTL_FAST_MATH = YES;
				SDKROOT = iphoneos;
				SWIFT_COMPILATION_MODE = wholemodule;
				VALIDATE_PRODUCT = YES;
			};
			name = Release;
		};
		17DF156E2D6058B700043AFC /* Debug */ = {
			isa = XCBuildConfiguration;
			buildSettings = {
				ASSETCATALOG_COMPILER_APPICON_NAME = AppIcon;
				ASSETCATALOG_COMPILER_GLOBAL_ACCENT_COLOR_NAME = AccentColor;
				CODE_SIGN_STYLE = Automatic;
				CURRENT_PROJECT_VERSION = 1;
				DEVELOPMENT_ASSET_PATHS = "\"Duo Idea Test/Preview Content\"";
				DEVELOPMENT_TEAM = ZY3QU46J9T;
				ENABLE_PREVIEWS = YES;
				GENERATE_INFOPLIST_FILE = YES;
				INFOPLIST_KEY_CFBundleDisplayName = Feed;
				INFOPLIST_KEY_UIApplicationSceneManifest_Generation = YES;
				INFOPLIST_KEY_UIApplicationSupportsIndirectInputEvents = YES;
				INFOPLIST_KEY_UILaunchScreen_Generation = YES;
				INFOPLIST_KEY_UISupportedInterfaceOrientations_iPad = "UIInterfaceOrientationPortrait UIInterfaceOrientationPortraitUpsideDown UIInterfaceOrientationLandscapeLeft UIInterfaceOrientationLandscapeRight";
				INFOPLIST_KEY_UISupportedInterfaceOrientations_iPhone = "UIInterfaceOrientationPortrait UIInterfaceOrientationLandscapeLeft UIInterfaceOrientationLandscapeRight";
				LD_RUNPATH_SEARCH_PATHS = (
					"$(inherited)",
					"@executable_path/Frameworks",
				);
				MARKETING_VERSION = 1.0;
				PRODUCT_BUNDLE_IDENTIFIER = "com.eunoia.Duo-Idea-Test";
				PRODUCT_NAME = "$(TARGET_NAME)";
				SUPPORTED_PLATFORMS = "iphoneos iphonesimulator";
				SUPPORTS_MACCATALYST = NO;
				SUPPORTS_MAC_DESIGNED_FOR_IPHONE_IPAD = NO;
				SUPPORTS_XR_DESIGNED_FOR_IPHONE_IPAD = NO;
				SWIFT_EMIT_LOC_STRINGS = YES;
				SWIFT_VERSION = 5.0;
				TARGETED_DEVICE_FAMILY = 1;
			};
			name = Debug;
		};
		17DF156F2D6058B700043AFC /* Release */ = {
			isa = XCBuildConfiguration;
			buildSettings = {
				ASSETCATALOG_COMPILER_APPICON_NAME = AppIcon;
				ASSETCATALOG_COMPILER_GLOBAL_ACCENT_COLOR_NAME = AccentColor;
				CODE_SIGN_STYLE = Automatic;
				CURRENT_PROJECT_VERSION = 1;
				DEVELOPMENT_ASSET_PATHS = "\"Duo Idea Test/Preview Content\"";
				DEVELOPMENT_TEAM = ZY3QU46J9T;
				ENABLE_PREVIEWS = YES;
				GENERATE_INFOPLIST_FILE = YES;
				INFOPLIST_KEY_CFBundleDisplayName = Feed;
				INFOPLIST_KEY_UIApplicationSceneManifest_Generation = YES;
				INFOPLIST_KEY_UIApplicationSupportsIndirectInputEvents = YES;
				INFOPLIST_KEY_UILaunchScreen_Generation = YES;
				INFOPLIST_KEY_UISupportedInterfaceOrientations_iPad = "UIInterfaceOrientationPortrait UIInterfaceOrientationPortraitUpsideDown UIInterfaceOrientationLandscapeLeft UIInterfaceOrientationLandscapeRight";
				INFOPLIST_KEY_UISupportedInterfaceOrientations_iPhone = "UIInterfaceOrientationPortrait UIInterfaceOrientationLandscapeLeft UIInterfaceOrientationLandscapeRight";
				LD_RUNPATH_SEARCH_PATHS = (
					"$(inherited)",
					"@executable_path/Frameworks",
				);
				MARKETING_VERSION = 1.0;
				PRODUCT_BUNDLE_IDENTIFIER = "com.eunoia.Duo-Idea-Test";
				PRODUCT_NAME = "$(TARGET_NAME)";
				SUPPORTED_PLATFORMS = "iphoneos iphonesimulator";
				SUPPORTS_MACCATALYST = NO;
				SUPPORTS_MAC_DESIGNED_FOR_IPHONE_IPAD = NO;
				SUPPORTS_XR_DESIGNED_FOR_IPHONE_IPAD = NO;
				SWIFT_EMIT_LOC_STRINGS = YES;
				SWIFT_VERSION = 5.0;
				TARGETED_DEVICE_FAMILY = 1;
			};
			name = Release;
		};
/* End XCBuildConfiguration section */

/* Begin XCConfigurationList section */
		17DF155A2D6058B600043AFC /* Build configuration list for PBXProject "Duo Idea Test" */ = {
			isa = XCConfigurationList;
			buildConfigurations = (
				17DF156B2D6058B700043AFC /* Debug */,
				17DF156C2D6058B700043AFC /* Release */,
			);
			defaultConfigurationIsVisible = 0;
			defaultConfigurationName = Release;
		};
		17DF156D2D6058B700043AFC /* Build configuration list for PBXNativeTarget "Duo Idea Test" */ = {
			isa = XCConfigurationList;
			buildConfigurations = (
				17DF156E2D6058B700043AFC /* Debug */,
				17DF156F2D6058B700043AFC /* Release */,
			);
			defaultConfigurationIsVisible = 0;
			defaultConfigurationName = Release;
		};
/* End XCConfigurationList section */

/* Begin XCRemoteSwiftPackageReference section */
		17A8896B2D63789A003814D9 /* XCRemoteSwiftPackageReference "SkeletonUI" */ = {
			isa = XCRemoteSwiftPackageReference;
			repositoryURL = "https://github.com/CSolanaM/SkeletonUI.git";
			requirement = {
				kind = upToNextMajorVersion;
				minimumVersion = 2.0.2;
			};
		};
		17A889832D63A291003814D9 /* XCRemoteSwiftPackageReference "OpenAI" */ = {
			isa = XCRemoteSwiftPackageReference;
			repositoryURL = "https://github.com/MacPaw/OpenAI.git";
			requirement = {
				kind = upToNextMajorVersion;
				minimumVersion = 0.3.3;
			};
		};
		17DF15702D60596900043AFC /* XCRemoteSwiftPackageReference "gemini-ai-swift" */ = {
			isa = XCRemoteSwiftPackageReference;
			repositoryURL = "https://github.com/DEmpire412/gemini-ai-swift";
			requirement = {
				kind = upToNextMajorVersion;
				minimumVersion = 1.0.0;
			};
		};
		17DF15732D6059CD00043AFC /* XCRemoteSwiftPackageReference "langchain-swift-custom" */ = {
			isa = XCRemoteSwiftPackageReference;
			repositoryURL = "https://github.com/Eunoia-Apps/langchain-swift-custom.git";
			requirement = {
				kind = upToNextMajorVersion;
				minimumVersion = 1.0.0;
			};
		};
		17DF15762D605A8400043AFC /* XCRemoteSwiftPackageReference "Fuzi" */ = {
			isa = XCRemoteSwiftPackageReference;
			repositoryURL = "https://github.com/cezheng/Fuzi";
			requirement = {
				kind = upToNextMajorVersion;
				minimumVersion = 3.1.3;
			};
		};
		17DF158C2D605B1C00043AFC /* XCRemoteSwiftPackageReference "ActivityIndicatorView" */ = {
			isa = XCRemoteSwiftPackageReference;
			repositoryURL = "https://github.com/exyte/ActivityIndicatorView";
			requirement = {
				kind = upToNextMajorVersion;
				minimumVersion = 1.1.1;
			};
		};
		17DF158F2D605C7400043AFC /* XCRemoteSwiftPackageReference "ChatField" */ = {
			isa = XCRemoteSwiftPackageReference;
			repositoryURL = "https://github.com/kevinhermawan/ChatField";
			requirement = {
				kind = upToNextMajorVersion;
				minimumVersion = 3.0.4;
			};
		};
/* End XCRemoteSwiftPackageReference section */

/* Begin XCSwiftPackageProductDependency section */
		17A8896C2D63789A003814D9 /* SkeletonUI */ = {
			isa = XCSwiftPackageProductDependency;
			package = 17A8896B2D63789A003814D9 /* XCRemoteSwiftPackageReference "SkeletonUI" */;
			productName = SkeletonUI;
		};
		17A889842D63A291003814D9 /* OpenAI */ = {
			isa = XCSwiftPackageProductDependency;
			package = 17A889832D63A291003814D9 /* XCRemoteSwiftPackageReference "OpenAI" */;
			productName = OpenAI;
		};
		17DF15712D60596900043AFC /* GoogleGeminiAI */ = {
			isa = XCSwiftPackageProductDependency;
			package = 17DF15702D60596900043AFC /* XCRemoteSwiftPackageReference "gemini-ai-swift" */;
			productName = GoogleGeminiAI;
		};
		17DF15742D6059CD00043AFC /* LangChain */ = {
			isa = XCSwiftPackageProductDependency;
			package = 17DF15732D6059CD00043AFC /* XCRemoteSwiftPackageReference "langchain-swift-custom" */;
			productName = LangChain;
		};
		17DF15772D605A8400043AFC /* Fuzi */ = {
			isa = XCSwiftPackageProductDependency;
			package = 17DF15762D605A8400043AFC /* XCRemoteSwiftPackageReference "Fuzi" */;
			productName = Fuzi;
		};
		17DF158D2D605B1C00043AFC /* ActivityIndicatorView */ = {
			isa = XCSwiftPackageProductDependency;
			package = 17DF158C2D605B1C00043AFC /* XCRemoteSwiftPackageReference "ActivityIndicatorView" */;
			productName = ActivityIndicatorView;
		};
		17DF15902D605C7400043AFC /* ChatField */ = {
			isa = XCSwiftPackageProductDependency;
			package = 17DF158F2D605C7400043AFC /* XCRemoteSwiftPackageReference "ChatField" */;
			productName = ChatField;
		};
/* End XCSwiftPackageProductDependency section */
	};
	rootObject = 17DF15572D6058B600043AFC /* Project object */;
}
